
Microsoft Visual Studio Solution File, Format Version 12.00
# Visual Studio Version 17
VisualStudioVersion = 17.12.35527.113 d17.12
MinimumVisualStudioVersion = 10.0.40219.1
Project("{FAE04EC0-301F-11D3-BF4B-00C04F79EFBC}") = "PT_SmartBit", "PT_SmartBit\PT_SmartBit.csproj", "{5D1C8EB7-BCBF-443D-B4E9-325F0E83C9E1}"
EndProject
Project("{FAE04EC0-301F-11D3-BF4B-00C04F79EFBC}") = "PT_SmartBit.AccesoDatos", "PT_SmartBit.AccesoDatos\PT_SmartBit.AccesoDatos.csproj", "{9648D5E9-B369-45CF-86E9-64C4605BC9A3}"
EndProject
Project("{FAE04EC0-301F-11D3-BF4B-00C04F79EFBC}") = "PT_SmartBit.Modelos", "PT_SmartBit.Modelos\PT_SmartBit.Modelos.csproj", "{97E671C4-E007-4C6B-84EF-FFEE5DE0A06A}"
EndProject
Project("{FAE04EC0-301F-11D3-BF4B-00C04F79EFBC}") = "PT_SmartBit.Utilidades", "PT_SmartBit.Utilidades\PT_SmartBit.Utilidades.csproj", "{31142A05-DDC4-4EED-8B6A-9B6CB39E622D}"
EndProject
Global
	GlobalSection(SolutionConfigurationPlatforms) = preSolution
		Debug|Any CPU = Debug|Any CPU
		Release|Any CPU = Release|Any CPU
	EndGlobalSection
	GlobalSection(ProjectConfigurationPlatforms) = postSolution
		{5D1C8EB7-BCBF-443D-B4E9-325F0E83C9E1}.Debug|Any CPU.ActiveCfg = Debug|Any CPU
		{5D1C8EB7-BCBF-443D-B4E9-325F0E83C9E1}.Debug|Any CPU.Build.0 = Debug|Any CPU
		{5D1C8EB7-BCBF-443D-B4E9-325F0E83C9E1}.Release|Any CPU.ActiveCfg = Release|Any CPU
		{5D1C8EB7-BCBF-443D-B4E9-325F0E83C9E1}.Release|Any CPU.Build.0 = Release|Any CPU
		{9648D5E9-B369-45CF-86E9-64C4605BC9A3}.Debug|Any CPU.ActiveCfg = Debug|Any CPU
		{9648D5E9-B369-45CF-86E9-64C4605BC9A3}.Debug|Any CPU.Build.0 = Debug|Any CPU
		{9648D5E9-B369-45CF-86E9-64C4605BC9A3}.Release|Any CPU.ActiveCfg = Release|Any CPU
		{9648D5E9-B369-45CF-86E9-64C4605BC9A3}.Release|Any CPU.Build.0 = Release|Any CPU
		{97E671C4-E007-4C6B-84EF-FFEE5DE0A06A}.Debug|Any CPU.ActiveCfg = Debug|Any CPU
		{97E671C4-E007-4C6B-84EF-FFEE5DE0A06A}.Debug|Any CPU.Build.0 = Debug|Any CPU
		{97E671C4-E007-4C6B-84EF-FFEE5DE0A06A}.Release|Any CPU.ActiveCfg = Release|Any CPU
		{97E671C4-E007-4C6B-84EF-FFEE5DE0A06A}.Release|Any CPU.Build.0 = Release|Any CPU
		{31142A05-DDC4-4EED-8B6A-9B6CB39E622D}.Debug|Any CPU.ActiveCfg = Debug|Any CPU
		{31142A05-DDC4-4EED-8B6A-9B6CB39E622D}.Debug|Any CPU.Build.0 = Debug|Any CPU
		{31142A05-DDC4-4EED-8B6A-9B6CB39E622D}.Release|Any CPU.ActiveCfg = Release|Any CPU
		{31142A05-DDC4-4EED-8B6A-9B6CB39E622D}.Release|Any CPU.Build.0 = Release|Any CPU
	EndGlobalSection
	GlobalSection(SolutionProperties) = preSolution
		HideSolutionNode = FALSE
	EndGlobalSection
EndGlobal
